
Microsoft Visual Studio Solution File, Format Version 12.00
# Visual Studio Version 16
VisualStudioVersion = 16.0.31424.327
MinimumVisualStudioVersion = 10.0.40219.1
Project("{FAE04EC0-301F-11D3-BF4B-00C04F79EFBC}") = "VerifyErrorReproProjectCS", "VerifyErrorReproProjectCS\VerifyErrorReproProjectCS.csproj", "{89F320A7-68A2-41C8-939A-C812990DEED6}"
EndProject
Project("{FAE04EC0-301F-11D3-BF4B-00C04F79EFBC}") = "VerifyErrorReproProjectCSTest", "VerifyErrorReproProjectCSTest\VerifyErrorReproProjectCSTest.csproj", "{FB9D1CDD-800C-4925-8539-26D50723460C}"
EndProject
Global
	GlobalSection(SolutionConfigurationPlatforms) = preSolution
		Debug|x64 = Debug|x64
		Release|x64 = Release|x64
	EndGlobalSection
	GlobalSection(ProjectConfigurationPlatforms) = postSolution
		{89F320A7-68A2-41C8-939A-C812990DEED6}.Debug|x64.ActiveCfg = Debug|x64
		{89F320A7-68A2-41C8-939A-C812990DEED6}.Debug|x64.Build.0 = Debug|x64
		{89F320A7-68A2-41C8-939A-C812990DEED6}.Release|x64.ActiveCfg = Release|x64
		{89F320A7-68A2-41C8-939A-C812990DEED6}.Release|x64.Build.0 = Release|x64
		{FB9D1CDD-800C-4925-8539-26D50723460C}.Debug|x64.ActiveCfg = Debug|x64
		{FB9D1CDD-800C-4925-8539-26D50723460C}.Debug|x64.Build.0 = Debug|x64
		{FB9D1CDD-800C-4925-8539-26D50723460C}.Release|x64.ActiveCfg = Release|x64
		{FB9D1CDD-800C-4925-8539-26D50723460C}.Release|x64.Build.0 = Release|x64
	EndGlobalSection
	GlobalSection(SolutionProperties) = preSolution
		HideSolutionNode = FALSE
	EndGlobalSection
	GlobalSection(ExtensibilityGlobals) = postSolution
		SolutionGuid = {368B6915-6B65-4951-9F6D-07FF99E6FC2C}
	EndGlobalSection
EndGlobal
